
Microsoft Visual Studio Solution File, Format Version 12.00
# Visual Studio Version 17
VisualStudioVersion = 17.13.35931.197 d17.13
MinimumVisualStudioVersion = 10.0.40219.1
Project("{FAE04EC0-301F-11D3-BF4B-00C04F79EFBC}") = "ShoppingListApp", "ShoppingListApp.csproj", "{912E98CC-A394-44E1-8C0F-D9DDCAB99082}"
EndProject
Global
	GlobalSection(SolutionConfigurationPlatforms) = preSolution
		Debug|Any CPU = Debug|Any CPU
		Release|Any CPU = Release|Any CPU
	EndGlobalSection
	GlobalSection(ProjectConfigurationPlatforms) = postSolution
		{912E98CC-A394-44E1-8C0F-D9DDCAB99082}.Debug|Any CPU.ActiveCfg = Debug|Any CPU
		{912E98CC-A394-44E1-8C0F-D9DDCAB99082}.Debug|Any CPU.Build.0 = Debug|Any CPU
		{912E98CC-A394-44E1-8C0F-D9DDCAB99082}.Release|Any CPU.ActiveCfg = Release|Any CPU
		{912E98CC-A394-44E1-8C0F-D9DDCAB99082}.Release|Any CPU.Build.0 = Release|Any CPU
	EndGlobalSection
	GlobalSection(SolutionProperties) = preSolution
		HideSolutionNode = FALSE
	EndGlobalSection
	GlobalSection(ExtensibilityGlobals) = postSolution
		SolutionGuid = {A35F9FDD-1D87-423C-9D9F-4315E89E2738}
	EndGlobalSection
EndGlobal
